Microsoft Visual Studio Solution File, Format Version 12.00
# Visual Studio Version 17
VisualStudioVersion = 17.5.2.0
MinimumVisualStudioVersion = 10.0.40219.1
Project("{FAE04EC0-301F-11D3-BF4B-00C04F79EFBC}") = "MyFirstDotNetApp", "MyFirstDotNetApp.csproj", "{973483C4-8E70-85DE-F4A5-65244AD5C49D}"
EndProject
Global
	GlobalSection(SolutionConfigurationPlatforms) = preSolution
		Debug|Any CPU = Debug|Any CPU
		Release|Any CPU = Release|Any CPU
	EndGlobalSection
	GlobalSection(ProjectConfigurationPlatforms) = postSolution
		{973483C4-8E70-85DE-F4A5-65244AD5C49D}.Debug|Any CPU.ActiveCfg = Debug|Any CPU
		{973483C4-8E70-85DE-F4A5-65244AD5C49D}.Debug|Any CPU.Build.0 = Debug|Any CPU
		{973483C4-8E70-85DE-F4A5-65244AD5C49D}.Release|Any CPU.ActiveCfg = Release|Any CPU
		{973483C4-8E70-85DE-F4A5-65244AD5C49D}.Release|Any CPU.Build.0 = Release|Any CPU
	EndGlobalSection
	GlobalSection(SolutionProperties) = preSolution
		HideSolutionNode = FALSE
	EndGlobalSection
	GlobalSection(ExtensibilityGlobals) = postSolution
		SolutionGuid = {F2C63A8E-EA0D-442E-8283-02F626DE9497}
	EndGlobalSection
EndGlobal
